{
  "name": "@tsonic/nodejs",
  "version": "0.4.1",
  "lockfileVersion": 3,
  "requires": true,
  "packages": {
    "": {
      "name": "@tsonic/nodejs",
      "version": "0.4.1",
      "license": "MIT",
      "peerDependencies": {
        "@tsonic/core": "*",
        "@tsonic/dotnet": "*"
      }
    },
    "node_modules/@tsonic/core": {
      "version": "0.2.0",
      "resolved": "https://registry.npmjs.org/@tsonic/core/-/core-0.2.0.tgz",
      "integrity": "sha512-KW2DE4jmj/GYzGq1dfCxLHnLNeB/7ycpHIs5+gf8kMqxo5uwfB3EPYvKtR4FCDHPvLFAn4hQNW0LjyVX1RZ3jg==",
      "license": "MIT",
      "peer": true
    },
    "node_modules/@tsonic/dotnet": {
      "version": "0.7.7",
      "resolved": "https://registry.npmjs.org/@tsonic/dotnet/-/dotnet-0.7.7.tgz",
      "integrity": "sha512-62nFkDhel3y1H9LSZKUSxQDqeNmbRxUzFxjn0PwIsfij/kr9BSDmxfLgxwGJ1hyaDCQvHnsVmA/twv/X4qyJQw==",
      "license": "MIT",
      "peer": true,
      "dependencies": {
        "@tsonic/types": "^0.2.0"
      }
    },
    "node_modules/@tsonic/dotnet/node_modules/@tsonic/types": {
      "version": "0.2.1",
      "resolved": "https://registry.npmjs.org/@tsonic/types/-/types-0.2.1.tgz",
      "integrity": "sha512-yGrGybbDXZB0+wTmciDTWizgewXI+24dUkItsKHJMc5Vl627AsX/HUziK2dPIhaOl7trS+AR/PayGrVd++6u7w==",
      "license": "MIT",
      "peer": true
    }
  }
}
