{
  "name": "@tsonic/nodejs",
  "version": "0.4.4",
  "lockfileVersion": 3,
  "requires": true,
  "packages": {
    "": {
      "name": "@tsonic/nodejs",
      "version": "0.4.4",
      "license": "MIT",
      "peerDependencies": {
        "@tsonic/core": "^0.6.0",
        "@tsonic/dotnet": "^0.8.3"
      }
    },
    "node_modules/@tsonic/core": {
      "version": "0.6.0",
      "resolved": "https://registry.npmjs.org/@tsonic/core/-/core-0.6.0.tgz",
      "integrity": "sha512-GzkVRGoTdgv5F5mNMKx2TFMA2ZdtQWTnRUSTuiDPdopFDwFM6bdWyfAsq48h86Y3rh0MJOH6iSAa3uNgQI2qRg==",
      "license": "MIT",
      "peer": true
    },
    "node_modules/@tsonic/dotnet": {
      "version": "0.8.3",
      "resolved": "https://registry.npmjs.org/@tsonic/dotnet/-/dotnet-0.8.3.tgz",
      "integrity": "sha512-w+JFP4phDqCb89Cgi88v5HZYGRMEFa9HGz6hV+zadXu2VZyMewovMcyxJ4X+HBRb2Fs5Z+GANUlcjnZJqJlPTg==",
      "license": "MIT",
      "peer": true,
      "peerDependencies": {
        "@tsonic/core": "*"
      }
    }
  }
}
