{
  "name": "@tsonic/nodejs-repo",
  "version": "0.4.4",
  "lockfileVersion": 3,
  "requires": true,
  "packages": {
    "": {
      "name": "@tsonic/nodejs-repo",
      "workspaces": [
        "packages/*"
      ],
      "devDependencies": {
        "@tsonic/js": "10.0.50",
        "tsonic": "0.0.77"
      }
    },
    "node_modules/@tsonic/backend": {
      "version": "0.0.77",
      "resolved": "https://registry.npmjs.org/@tsonic/backend/-/backend-0.0.77.tgz",
      "integrity": "sha512-7N/Cq9V7wOA0otm3LcKLeiuEs8BZlkc0oP8fh3A+ymGWhDk12dWxI/fTLyXcqhZE8cWyXcm95db5mb3VOPaQAw==",
      "dev": true,
      "dependencies": {
        "@tsonic/emitter": "0.0.77",
        "@tsonic/frontend": "0.0.77"
      },
      "engines": {
        "node": ">=18.0.0"
      }
    },
    "node_modules/@tsonic/cli": {
      "version": "0.0.77",
      "resolved": "https://registry.npmjs.org/@tsonic/cli/-/cli-0.0.77.tgz",
      "integrity": "sha512-35pq8CHbCLloHv4h6kI37freBUSnsxh9c/Abi2GDCnfNduYrB9YBgkIZweNIp6/sz5e0Wdfo8+yzGWI5SvQk5g==",
      "dev": true,
      "dependencies": {
        "@tsonic/backend": "0.0.77",
        "@tsonic/emitter": "0.0.77",
        "@tsonic/frontend": "0.0.77",
        "@tsonic/tsbindgen": "0.7.53"
      },
      "bin": {
        "tsonic": "dist/index.js"
      },
      "engines": {
        "node": ">=18.0.0"
      }
    },
    "node_modules/@tsonic/core": {
      "version": "10.0.42",
      "resolved": "https://registry.npmjs.org/@tsonic/core/-/core-10.0.42.tgz",
      "integrity": "sha512-ELu3KhLZ7veguoxG3gUEEM1KJm6T1H8zfXOKrtrIlo3CblB1tzoPaf+i6NjyqTF07ZqXXU8TsuGYXY8+gpCNwQ==",
      "dev": true,
      "license": "MIT",
      "peerDependencies": {
        "@tsonic/dotnet": "10.0.42"
      }
    },
    "node_modules/@tsonic/dotnet": {
      "version": "10.0.42",
      "resolved": "https://registry.npmjs.org/@tsonic/dotnet/-/dotnet-10.0.42.tgz",
      "integrity": "sha512-+wN80FI0r5itedfim0ZSDaUNWhhf1qCsmUzgDtH0JqQmn4YzuhGmddBixFc0fv9xluvM07Jwy73gA49QnyzRZQ==",
      "dev": true,
      "license": "MIT",
      "peerDependencies": {
        "@tsonic/core": "10.0.42"
      }
    },
    "node_modules/@tsonic/emitter": {
      "version": "0.0.77",
      "resolved": "https://registry.npmjs.org/@tsonic/emitter/-/emitter-0.0.77.tgz",
      "integrity": "sha512-qvrBU+XptNpcnfQZsNzukd3bj+O66c7xBBSPFxTt4QyqMOU7BpT49TVFsgjcT54syhk2mzycgjeDRg0gkUlt2Q==",
      "dev": true,
      "dependencies": {
        "@tsonic/frontend": "0.0.77"
      },
      "engines": {
        "node": ">=18.0.0"
      }
    },
    "node_modules/@tsonic/frontend": {
      "version": "0.0.77",
      "resolved": "https://registry.npmjs.org/@tsonic/frontend/-/frontend-0.0.77.tgz",
      "integrity": "sha512-Yi0OYEFE3OJwwdCL30yxcazbaErkgwICFUMZcyCFcE7KgXL0E6pXaXAWZr6Cu4uihVRaa2KSQYssHojwU0gr6g==",
      "dev": true,
      "dependencies": {
        "typescript": "5.9.2"
      },
      "engines": {
        "node": ">=18.0.0"
      }
    },
    "node_modules/@tsonic/js": {
      "version": "10.0.50",
      "resolved": "https://registry.npmjs.org/@tsonic/js/-/js-10.0.50.tgz",
      "integrity": "sha512-E/ap6soYbVlQeiPTE9URIJJKdqX9M7GoEO+38NzfPdmz5546lvJR938u9O6oSlEaKDwtz40L6BgzButm+wlrJQ==",
      "dev": true,
      "license": "MIT",
      "dependencies": {
        "@tsonic/dotnet": "10.0.42",
        "@tsonic/core": "10.0.42"
      }
    },
    "node_modules/@tsonic/tsbindgen": {
      "version": "0.7.53",
      "resolved": "https://registry.npmjs.org/@tsonic/tsbindgen/-/tsbindgen-0.7.53.tgz",
      "integrity": "sha512-vI8exMbpiisdyE1B67OU+nKBI7c7RFEkBlYrA8CeeeA5uNMjPaKZ5qgHqdHRaBPQFMol/Drms5o8aKZTLs018g==",
      "dev": true,
      "license": "MIT",
      "bin": {
        "tsbindgen": "./bin.js"
      }
    },
    "node_modules/nodejs": {
      "resolved": "packages/nodejs",
      "link": true
    },
    "node_modules/tsonic": {
      "version": "0.0.77",
      "resolved": "https://registry.npmjs.org/tsonic/-/tsonic-0.0.77.tgz",
      "integrity": "sha512-C4rawLJy45Wz1crfjfwQayhIE5oxI57SjpHb17Bq6iFRsbFDneVhSaEI90OroCs+dYSk7qj1wfftuvsFPc72WA==",
      "dev": true,
      "license": "MIT",
      "dependencies": {
        "@tsonic/cli": "0.0.77"
      },
      "bin": {
        "tsonic": "bin.js"
      }
    },
    "node_modules/typescript": {
      "version": "5.9.2",
      "resolved": "https://registry.npmjs.org/typescript/-/typescript-5.9.2.tgz",
      "integrity": "sha512-CWBzXQrc/qOkhidw1OzBTQuYRbfyxDXJMVJ1XNwUHGROVmuaeiEm3OslpZ1RV96d7SKKjZKrSJu3+t/xlw3R9A==",
      "dev": true,
      "license": "Apache-2.0",
      "bin": {
        "tsc": "bin/tsc",
        "tsserver": "bin/tsserver"
      },
      "engines": {
        "node": ">=14.17"
      }
    },
    "packages/nodejs": {
      "version": "1.0.0"
    }
  }
}
